<?xml version="1.0" encoding="utf-8"?>
<Project ToolsVersion="4.0" xmlns="http://schemas.microsoft.com/developer/msbuild/2003">
  <ItemGroup>
    <ClCompile Include="source\main.cpp" />
    <ClCompile Include="source\InputHandler.cpp">
      <Filter>Manager/Handler Sourcefiles</Filter>
    </ClCompile>
    <ClCompile Include="source\InputManager.cpp">
      <Filter>Manager/Handler Sourcefiles</Filter>
    </ClCompile>
    <ClCompile Include="source\RuntimeManager.cpp">
      <Filter>Manager/Handler Sourcefiles</Filter>
    </ClCompile>
    <ClCompile Include="source\OutputManager.cpp">
      <Filter>Manager/Handler Sourcefiles</Filter>
    </ClCompile>
  </ItemGroup>
  <ItemGroup>
    <ClInclude Include="source\include\private\InputHandler.h">
      <Filter>Manager/Handler Headerfiles</Filter>
    </ClInclude>
    <ClInclude Include="source\include\private\InputManager.h">
      <Filter>Manager/Handler Headerfiles</Filter>
    </ClInclude>
    <ClInclude Include="source\include\private\OutputManager.h">
      <Filter>Manager/Handler Headerfiles</Filter>
    </ClInclude>
    <ClInclude Include="source\include\private\RuntimeManager.h">
      <Filter>Manager/Handler Headerfiles</Filter>
    </ClInclude>
  </ItemGroup>
  <ItemGroup>
    <Filter Include="Manager/Handler Headerfiles">
      <UniqueIdentifier>{2e5965e3-b9aa-4129-a85c-b18ed91c626c}</UniqueIdentifier>
    </Filter>
    <Filter Include="Manager/Handler Sourcefiles">
      <UniqueIdentifier>{2afae69f-b5b9-4e9c-9418-5fefedc57d12}</UniqueIdentifier>
    </Filter>
  </ItemGroup>
</Project>