
Microsoft Visual Studio Solution File, Format Version 12.00
# Visual Studio 15
VisualStudioVersion = 15.0.26730.16
MinimumVisualStudioVersion = 10.0.40219.1
Project("{8BC9CEB8-8B4A-11D0-8D11-00A0C91BC942}") = "BaseFramework", "BaseFramework\BaseFramework.vcxproj", "{23232642-C987-4206-AB89-F9721334589B}"
EndProject
Project("{8BC9CEB8-8B4A-11D0-8D11-00A0C91BC942}") = "BaseFrameworkLib", "BaseFrameworkLib\BaseFrameworkLib.vcxproj", "{9335B93D-02EF-4D7F-BE2F-47EA53680590}"
EndProject
Global
	GlobalSection(SolutionConfigurationPlatforms) = preSolution
		Debug|ARM = Debug|ARM
		Debug|x64 = Debug|x64
		Debug|x86 = Debug|x86
		Release|ARM = Release|ARM
		Release|x64 = Release|x64
		Release|x86 = Release|x86
	EndGlobalSection
	GlobalSection(ProjectConfigurationPlatforms) = postSolution
		{23232642-C987-4206-AB89-F9721334589B}.Debug|ARM.ActiveCfg = Debug|Win32
		{23232642-C987-4206-AB89-F9721334589B}.Debug|x64.ActiveCfg = Debug|x64
		{23232642-C987-4206-AB89-F9721334589B}.Debug|x64.Build.0 = Debug|x64
		{23232642-C987-4206-AB89-F9721334589B}.Debug|x86.ActiveCfg = Debug|Win32
		{23232642-C987-4206-AB89-F9721334589B}.Debug|x86.Build.0 = Debug|Win32
		{23232642-C987-4206-AB89-F9721334589B}.Release|ARM.ActiveCfg = Release|Win32
		{23232642-C987-4206-AB89-F9721334589B}.Release|x64.ActiveCfg = Release|x64
		{23232642-C987-4206-AB89-F9721334589B}.Release|x64.Build.0 = Release|x64
		{23232642-C987-4206-AB89-F9721334589B}.Release|x86.ActiveCfg = Release|Win32
		{23232642-C987-4206-AB89-F9721334589B}.Release|x86.Build.0 = Release|Win32
		{9335B93D-02EF-4D7F-BE2F-47EA53680590}.Debug|ARM.ActiveCfg = Debug|ARM
		{9335B93D-02EF-4D7F-BE2F-47EA53680590}.Debug|ARM.Build.0 = Debug|ARM
		{9335B93D-02EF-4D7F-BE2F-47EA53680590}.Debug|x64.ActiveCfg = Debug|x64
		{9335B93D-02EF-4D7F-BE2F-47EA53680590}.Debug|x64.Build.0 = Debug|x64
		{9335B93D-02EF-4D7F-BE2F-47EA53680590}.Debug|x86.ActiveCfg = Debug|Win32
		{9335B93D-02EF-4D7F-BE2F-47EA53680590}.Debug|x86.Build.0 = Debug|Win32
		{9335B93D-02EF-4D7F-BE2F-47EA53680590}.Release|ARM.ActiveCfg = Release|ARM
		{9335B93D-02EF-4D7F-BE2F-47EA53680590}.Release|ARM.Build.0 = Release|ARM
		{9335B93D-02EF-4D7F-BE2F-47EA53680590}.Release|x64.ActiveCfg = Release|x64
		{9335B93D-02EF-4D7F-BE2F-47EA53680590}.Release|x64.Build.0 = Release|x64
		{9335B93D-02EF-4D7F-BE2F-47EA53680590}.Release|x86.ActiveCfg = Release|Win32
		{9335B93D-02EF-4D7F-BE2F-47EA53680590}.Release|x86.Build.0 = Release|Win32
	EndGlobalSection
	GlobalSection(SolutionProperties) = preSolution
		HideSolutionNode = FALSE
	EndGlobalSection
	GlobalSection(ExtensibilityGlobals) = postSolution
		SolutionGuid = {D1AE82A3-D15E-4015-93B0-C12DB60CE2ED}
	EndGlobalSection
EndGlobal
