
Microsoft Visual Studio Solution File, Format Version 12.00
# Visual Studio 15
VisualStudioVersion = 15.0.26403.0
MinimumVisualStudioVersion = 10.0.40219.1
Project("{8BC9CEB8-8B4A-11D0-8D11-00A0C91BC942}") = "BaseFramework", "BaseFramework\BaseFramework.vcxproj", "{23232642-C987-4206-AB89-F9721334589B}"
	ProjectSection(ProjectDependencies) = postProject
		{90763320-4AB0-4722-9D5D-BB7D2B42B5E2} = {90763320-4AB0-4722-9D5D-BB7D2B42B5E2}
		{7B0EE92A-8E4E-4661-8C79-74DCA4D377A0} = {7B0EE92A-8E4E-4661-8C79-74DCA4D377A0}
		{9335B93D-02EF-4D7F-BE2F-47EA53680590} = {9335B93D-02EF-4D7F-BE2F-47EA53680590}
	EndProjectSection
EndProject
Project("{8BC9CEB8-8B4A-11D0-8D11-00A0C91BC942}") = "BaseFrameworkLib", "BaseFrameworkLib\BaseFrameworkLib.vcxproj", "{9335B93D-02EF-4D7F-BE2F-47EA53680590}"
EndProject
Project("{8BC9CEB8-8B4A-11D0-8D11-00A0C91BC942}") = "SentenceCategorizer", "SentenceCategorizer\SentenceCategorizer.vcxproj", "{90763320-4AB0-4722-9D5D-BB7D2B42B5E2}"
	ProjectSection(ProjectDependencies) = postProject
		{7B0EE92A-8E4E-4661-8C79-74DCA4D377A0} = {7B0EE92A-8E4E-4661-8C79-74DCA4D377A0}
		{9335B93D-02EF-4D7F-BE2F-47EA53680590} = {9335B93D-02EF-4D7F-BE2F-47EA53680590}
	EndProjectSection
EndProject
Project("{8BC9CEB8-8B4A-11D0-8D11-00A0C91BC942}") = "MemoryManagement", "MemoryManagement\MemoryManagement.vcxproj", "{7B0EE92A-8E4E-4661-8C79-74DCA4D377A0}"
	ProjectSection(ProjectDependencies) = postProject
		{9335B93D-02EF-4D7F-BE2F-47EA53680590} = {9335B93D-02EF-4D7F-BE2F-47EA53680590}
	EndProjectSection
EndProject
Project("{FAE04EC0-301F-11D3-BF4B-00C04F79EFBC}") = "WordNet.Net", "dependencies\Wordnet\Library\cs\WordNet.Net.csproj", "{F12805B0-D74A-4E5B-A482-7C7CCB69D572}"
EndProject
Global
	GlobalSection(SolutionConfigurationPlatforms) = preSolution
		Debug|Any CPU = Debug|Any CPU
		Debug|ARM = Debug|ARM
		Debug|x64 = Debug|x64
		Debug|x86 = Debug|x86
		Release|Any CPU = Release|Any CPU
		Release|ARM = Release|ARM
		Release|x64 = Release|x64
		Release|x86 = Release|x86
	EndGlobalSection
	GlobalSection(ProjectConfigurationPlatforms) = postSolution
		{23232642-C987-4206-AB89-F9721334589B}.Debug|Any CPU.ActiveCfg = Debug|Win32
		{23232642-C987-4206-AB89-F9721334589B}.Debug|ARM.ActiveCfg = Debug|Win32
		{23232642-C987-4206-AB89-F9721334589B}.Debug|x64.ActiveCfg = Debug|x64
		{23232642-C987-4206-AB89-F9721334589B}.Debug|x64.Build.0 = Debug|x64
		{23232642-C987-4206-AB89-F9721334589B}.Debug|x86.ActiveCfg = Debug|Win32
		{23232642-C987-4206-AB89-F9721334589B}.Debug|x86.Build.0 = Debug|Win32
		{23232642-C987-4206-AB89-F9721334589B}.Release|Any CPU.ActiveCfg = Release|Win32
		{23232642-C987-4206-AB89-F9721334589B}.Release|ARM.ActiveCfg = Release|Win32
		{23232642-C987-4206-AB89-F9721334589B}.Release|x64.ActiveCfg = Release|x64
		{23232642-C987-4206-AB89-F9721334589B}.Release|x64.Build.0 = Release|x64
		{23232642-C987-4206-AB89-F9721334589B}.Release|x86.ActiveCfg = Release|Win32
		{23232642-C987-4206-AB89-F9721334589B}.Release|x86.Build.0 = Release|Win32
		{9335B93D-02EF-4D7F-BE2F-47EA53680590}.Debug|Any CPU.ActiveCfg = Debug|Win32
		{9335B93D-02EF-4D7F-BE2F-47EA53680590}.Debug|ARM.ActiveCfg = Debug|ARM
		{9335B93D-02EF-4D7F-BE2F-47EA53680590}.Debug|ARM.Build.0 = Debug|ARM
		{9335B93D-02EF-4D7F-BE2F-47EA53680590}.Debug|x64.ActiveCfg = Debug|x64
		{9335B93D-02EF-4D7F-BE2F-47EA53680590}.Debug|x64.Build.0 = Debug|x64
		{9335B93D-02EF-4D7F-BE2F-47EA53680590}.Debug|x86.ActiveCfg = Debug|Win32
		{9335B93D-02EF-4D7F-BE2F-47EA53680590}.Debug|x86.Build.0 = Debug|Win32
		{9335B93D-02EF-4D7F-BE2F-47EA53680590}.Release|Any CPU.ActiveCfg = Release|Win32
		{9335B93D-02EF-4D7F-BE2F-47EA53680590}.Release|ARM.ActiveCfg = Release|ARM
		{9335B93D-02EF-4D7F-BE2F-47EA53680590}.Release|ARM.Build.0 = Release|ARM
		{9335B93D-02EF-4D7F-BE2F-47EA53680590}.Release|x64.ActiveCfg = Release|x64
		{9335B93D-02EF-4D7F-BE2F-47EA53680590}.Release|x64.Build.0 = Release|x64
		{9335B93D-02EF-4D7F-BE2F-47EA53680590}.Release|x86.ActiveCfg = Release|Win32
		{9335B93D-02EF-4D7F-BE2F-47EA53680590}.Release|x86.Build.0 = Release|Win32
		{90763320-4AB0-4722-9D5D-BB7D2B42B5E2}.Debug|Any CPU.ActiveCfg = Debug|Win32
		{90763320-4AB0-4722-9D5D-BB7D2B42B5E2}.Debug|ARM.ActiveCfg = Debug|Win32
		{90763320-4AB0-4722-9D5D-BB7D2B42B5E2}.Debug|x64.ActiveCfg = Debug|x64
		{90763320-4AB0-4722-9D5D-BB7D2B42B5E2}.Debug|x64.Build.0 = Debug|x64
		{90763320-4AB0-4722-9D5D-BB7D2B42B5E2}.Debug|x86.ActiveCfg = Debug|Win32
		{90763320-4AB0-4722-9D5D-BB7D2B42B5E2}.Debug|x86.Build.0 = Debug|Win32
		{90763320-4AB0-4722-9D5D-BB7D2B42B5E2}.Release|Any CPU.ActiveCfg = Release|Win32
		{90763320-4AB0-4722-9D5D-BB7D2B42B5E2}.Release|ARM.ActiveCfg = Release|Win32
		{90763320-4AB0-4722-9D5D-BB7D2B42B5E2}.Release|x64.ActiveCfg = Release|x64
		{90763320-4AB0-4722-9D5D-BB7D2B42B5E2}.Release|x64.Build.0 = Release|x64
		{90763320-4AB0-4722-9D5D-BB7D2B42B5E2}.Release|x86.ActiveCfg = Release|Win32
		{90763320-4AB0-4722-9D5D-BB7D2B42B5E2}.Release|x86.Build.0 = Release|Win32
		{7B0EE92A-8E4E-4661-8C79-74DCA4D377A0}.Debug|Any CPU.ActiveCfg = Debug|Win32
		{7B0EE92A-8E4E-4661-8C79-74DCA4D377A0}.Debug|ARM.ActiveCfg = Debug|Win32
		{7B0EE92A-8E4E-4661-8C79-74DCA4D377A0}.Debug|x64.ActiveCfg = Debug|x64
		{7B0EE92A-8E4E-4661-8C79-74DCA4D377A0}.Debug|x64.Build.0 = Debug|x64
		{7B0EE92A-8E4E-4661-8C79-74DCA4D377A0}.Debug|x86.ActiveCfg = Debug|Win32
		{7B0EE92A-8E4E-4661-8C79-74DCA4D377A0}.Debug|x86.Build.0 = Debug|Win32
		{7B0EE92A-8E4E-4661-8C79-74DCA4D377A0}.Release|Any CPU.ActiveCfg = Release|Win32
		{7B0EE92A-8E4E-4661-8C79-74DCA4D377A0}.Release|ARM.ActiveCfg = Release|Win32
		{7B0EE92A-8E4E-4661-8C79-74DCA4D377A0}.Release|x64.ActiveCfg = Release|x64
		{7B0EE92A-8E4E-4661-8C79-74DCA4D377A0}.Release|x64.Build.0 = Release|x64
		{7B0EE92A-8E4E-4661-8C79-74DCA4D377A0}.Release|x86.ActiveCfg = Release|Win32
		{7B0EE92A-8E4E-4661-8C79-74DCA4D377A0}.Release|x86.Build.0 = Release|Win32
		{F12805B0-D74A-4E5B-A482-7C7CCB69D572}.Debug|Any CPU.ActiveCfg = Debug|Any CPU
		{F12805B0-D74A-4E5B-A482-7C7CCB69D572}.Debug|Any CPU.Build.0 = Debug|Any CPU
		{F12805B0-D74A-4E5B-A482-7C7CCB69D572}.Debug|ARM.ActiveCfg = Debug|Any CPU
		{F12805B0-D74A-4E5B-A482-7C7CCB69D572}.Debug|ARM.Build.0 = Debug|Any CPU
		{F12805B0-D74A-4E5B-A482-7C7CCB69D572}.Debug|x64.ActiveCfg = Debug|Any CPU
		{F12805B0-D74A-4E5B-A482-7C7CCB69D572}.Debug|x64.Build.0 = Debug|Any CPU
		{F12805B0-D74A-4E5B-A482-7C7CCB69D572}.Debug|x86.ActiveCfg = Debug|Any CPU
		{F12805B0-D74A-4E5B-A482-7C7CCB69D572}.Debug|x86.Build.0 = Debug|Any CPU
		{F12805B0-D74A-4E5B-A482-7C7CCB69D572}.Release|Any CPU.ActiveCfg = Release|Any CPU
		{F12805B0-D74A-4E5B-A482-7C7CCB69D572}.Release|Any CPU.Build.0 = Release|Any CPU
		{F12805B0-D74A-4E5B-A482-7C7CCB69D572}.Release|ARM.ActiveCfg = Release|Any CPU
		{F12805B0-D74A-4E5B-A482-7C7CCB69D572}.Release|ARM.Build.0 = Release|Any CPU
		{F12805B0-D74A-4E5B-A482-7C7CCB69D572}.Release|x64.ActiveCfg = Release|Any CPU
		{F12805B0-D74A-4E5B-A482-7C7CCB69D572}.Release|x64.Build.0 = Release|Any CPU
		{F12805B0-D74A-4E5B-A482-7C7CCB69D572}.Release|x86.ActiveCfg = Release|Any CPU
		{F12805B0-D74A-4E5B-A482-7C7CCB69D572}.Release|x86.Build.0 = Release|Any CPU
	EndGlobalSection
	GlobalSection(SolutionProperties) = preSolution
		HideSolutionNode = FALSE
	EndGlobalSection
	GlobalSection(ExtensibilityGlobals) = postSolution
		SolutionGuid = {D1AE82A3-D15E-4015-93B0-C12DB60CE2ED}
	EndGlobalSection
EndGlobal
